<?xml version="1.0" encoding="utf-8"?>
<Project ToolsVersion="4.0" xmlns="http://schemas.microsoft.com/developer/msbuild/2003">
  <ItemGroup>
    <Filter Include="Header Files">
      <UniqueIdentifier>{93995380-89BD-4b04-88EB-625FBE52EBFB}</UniqueIdentifier>
      <Extensions>h;hh;hpp;hxx;hm;inl;inc;xsd</Extensions>
    </Filter>
    <Filter Include="Source Files">
      <UniqueIdentifier>{4FC737F1-C7A5-4376-A066-2A32D752A2FF}</UniqueIdentifier>
      <Extensions>cpp;c;cc;cxx;def;odl;idl;hpj;bat;asm;asmx</Extensions>
    </Filter>
    <Filter Include="Resource Files">
      <UniqueIdentifier>{67DA6AB6-F800-4c08-8B7A-83BB121AAD01}</UniqueIdentifier>
      <Extensions>rc;ico;cur;bmp;dlg;rc2;rct;bin;rgs;gif;jpg;jpeg;jpe;resx;tiff;tif;png;wav;mfcribbon-ms</Extensions>
    </Filter>
    <Filter Include="include">
      <UniqueIdentifier>{b713520b-3df4-4f98-b23e-aa9c2dd1bd46}</UniqueIdentifier>
    </Filter>
  </ItemGroup>
  <ItemGroup>
    <ClInclude Include="include\bitboard.hpp">
      <Filter>include</Filter>
    </ClInclude>
    <ClInclude Include="include\gadtlib.h">
      <Filter>include</Filter>
    </ClInclude>
    <ClInclude Include="include\gadtstl.hpp">
      <Filter>include</Filter>
    </ClInclude>
    <ClInclude Include="include\gameshell.h">
      <Filter>include</Filter>
    </ClInclude>
    <ClInclude Include="include\mcts_new.hpp">
      <Filter>include</Filter>
    </ClInclude>
    <ClInclude Include="include\minimax.hpp">
      <Filter>include</Filter>
    </ClInclude>
    <ClInclude Include="include\visual_tree.h">
      <Filter>include</Filter>
    </ClInclude>
    <ClInclude Include="cdc_define.h">
      <Filter>Header Files</Filter>
    </ClInclude>
    <ClInclude Include="cdc_policy.hpp">
      <Filter>Header Files</Filter>
    </ClInclude>
    <ClInclude Include="include\json11.hpp">
      <Filter>include</Filter>
    </ClInclude>
  </ItemGroup>
  <ItemGroup>
    <ClCompile Include="include\gadtlib.cpp">
      <Filter>include</Filter>
    </ClCompile>
    <ClCompile Include="include\gameshell.cpp">
      <Filter>include</Filter>
    </ClCompile>
    <ClCompile Include="include\visual_tree.cpp">
      <Filter>include</Filter>
    </ClCompile>
    <ClCompile Include="cdc_main.cpp">
      <Filter>Source Files</Filter>
    </ClCompile>
    <ClCompile Include="cdc_define.cpp">
      <Filter>Source Files</Filter>
    </ClCompile>
    <ClCompile Include="include\json11.cpp">
      <Filter>include</Filter>
    </ClCompile>
  </ItemGroup>
</Project>